
Microsoft Visual Studio Solution File, Format Version 12.00
# Visual Studio Version 17
VisualStudioVersion = 17.14.37614.0 d17.14
MinimumVisualStudioVersion = 10.0.40219.1
Project("{FAE04EC0-301F-11D3-BF4B-00C04F79EFBC}") = "ObjectOrientedPractics", "ObjectOrientedPractics\ObjectOrientedPractics.csproj", "{84E3C513-221E-4938-B297-62D734AE5419}"
EndProject
Global
	GlobalSection(SolutionConfigurationPlatforms) = preSolution
		Debug|Any CPU = Debug|Any CPU
		Release|Any CPU = Release|Any CPU
	EndGlobalSection
	GlobalSection(ProjectConfigurationPlatforms) = postSolution
		{84E3C513-221E-4938-B297-62D734AE5419}.Debug|Any CPU.ActiveCfg = Debug|Any CPU
		{84E3C513-221E-4938-B297-62D734AE5419}.Debug|Any CPU.Build.0 = Debug|Any CPU
		{84E3C513-221E-4938-B297-62D734AE5419}.Release|Any CPU.ActiveCfg = Release|Any CPU
		{84E3C513-221E-4938-B297-62D734AE5419}.Release|Any CPU.Build.0 = Release|Any CPU
	EndGlobalSection
	GlobalSection(SolutionProperties) = preSolution
		HideSolutionNode = FALSE
	EndGlobalSection
	GlobalSection(ExtensibilityGlobals) = postSolution
		SolutionGuid = {B4F9FE93-E20B-4CB1-8BBA-EBF573C11FEF}
	EndGlobalSection
EndGlobal
